PODS:
  - Adjust (4.38.4):
    - Adjust/Core (= 4.38.4)
  - Adjust/Core (4.38.4)
  - CryptoSwift (1.8.4)

DEPENDENCIES:
  - Adjust (~> 4.38.4)
  - CryptoSwift

SPEC REPOS:
  trunk:
    - Adjust
    - CryptoSwift

SPEC CHECKSUMS:
  Adjust: afda46df69f035fd216310fb85f399c40c61830a
  CryptoSwift: e64e11850ede528a02a0f3e768cec8e9d92ecb90

PODFILE CHECKSUM: 0c9e2fdba07ca32e47a42e68f6047dc18d3ae2ae

COCOAPODS: 1.16.2
